
Microsoft Visual Studio Solution File, Format Version 12.00
# Visual Studio Version 17
VisualStudioVersion = 17.1.32421.90
MinimumVisualStudioVersion = 10.0.40219.1
Project("{FAE04EC0-301F-11D3-BF4B-00C04F79EFBC}") = "Exercicio_5", "Exercicio_5.csproj", "{37F2D7C5-3FED-4B59-9D16-E747E29307BB}"
EndProject
Global
	GlobalSection(SolutionConfigurationPlatforms) = preSolution
		Debug|Any CPU = Debug|Any CPU
		Release|Any CPU = Release|Any CPU
	EndGlobalSection
	GlobalSection(ProjectConfigurationPlatforms) = postSolution
		{37F2D7C5-3FED-4B59-9D16-E747E29307BB}.Debug|Any CPU.ActiveCfg = Debug|Any CPU
		{37F2D7C5-3FED-4B59-9D16-E747E29307BB}.Debug|Any CPU.Build.0 = Debug|Any CPU
		{37F2D7C5-3FED-4B59-9D16-E747E29307BB}.Release|Any CPU.ActiveCfg = Release|Any CPU
		{37F2D7C5-3FED-4B59-9D16-E747E29307BB}.Release|Any CPU.Build.0 = Release|Any CPU
	EndGlobalSection
	GlobalSection(SolutionProperties) = preSolution
		HideSolutionNode = FALSE
	EndGlobalSection
	GlobalSection(ExtensibilityGlobals) = postSolution
		SolutionGuid = {5F528F6C-C009-4673-BE13-B1F926AEDD76}
	EndGlobalSection
EndGlobal
