
Microsoft Visual Studio Solution File, Format Version 12.00
# Visual Studio Version 17
VisualStudioVersion = 17.1.32421.90
MinimumVisualStudioVersion = 10.0.40219.1
Project("{FAE04EC0-301F-11D3-BF4B-00C04F79EFBC}") = "Exemplo9", "Exemplo9.csproj", "{6C44B006-E57E-421B-AD2F-5E85E976F424}"
EndProject
Global
	GlobalSection(SolutionConfigurationPlatforms) = preSolution
		Debug|Any CPU = Debug|Any CPU
		Release|Any CPU = Release|Any CPU
	EndGlobalSection
	GlobalSection(ProjectConfigurationPlatforms) = postSolution
		{6C44B006-E57E-421B-AD2F-5E85E976F424}.Debug|Any CPU.ActiveCfg = Debug|Any CPU
		{6C44B006-E57E-421B-AD2F-5E85E976F424}.Debug|Any CPU.Build.0 = Debug|Any CPU
		{6C44B006-E57E-421B-AD2F-5E85E976F424}.Release|Any CPU.ActiveCfg = Release|Any CPU
		{6C44B006-E57E-421B-AD2F-5E85E976F424}.Release|Any CPU.Build.0 = Release|Any CPU
	EndGlobalSection
	GlobalSection(SolutionProperties) = preSolution
		HideSolutionNode = FALSE
	EndGlobalSection
	GlobalSection(ExtensibilityGlobals) = postSolution
		SolutionGuid = {9FFFBD94-AC13-400C-B5AB-424997341F1C}
	EndGlobalSection
EndGlobal
