
Microsoft Visual Studio Solution File, Format Version 12.00
# Visual Studio Version 17
VisualStudioVersion = 17.1.32421.90
MinimumVisualStudioVersion = 10.0.40219.1
Project("{FAE04EC0-301F-11D3-BF4B-00C04F79EFBC}") = "Exercicio_5", "Exercicio_5.csproj", "{B279FC66-D227-4F5D-AFD8-8D6BF40E314B}"
EndProject
Global
	GlobalSection(SolutionConfigurationPlatforms) = preSolution
		Debug|Any CPU = Debug|Any CPU
		Release|Any CPU = Release|Any CPU
	EndGlobalSection
	GlobalSection(ProjectConfigurationPlatforms) = postSolution
		{B279FC66-D227-4F5D-AFD8-8D6BF40E314B}.Debug|Any CPU.ActiveCfg = Debug|Any CPU
		{B279FC66-D227-4F5D-AFD8-8D6BF40E314B}.Debug|Any CPU.Build.0 = Debug|Any CPU
		{B279FC66-D227-4F5D-AFD8-8D6BF40E314B}.Release|Any CPU.ActiveCfg = Release|Any CPU
		{B279FC66-D227-4F5D-AFD8-8D6BF40E314B}.Release|Any CPU.Build.0 = Release|Any CPU
	EndGlobalSection
	GlobalSection(SolutionProperties) = preSolution
		HideSolutionNode = FALSE
	EndGlobalSection
	GlobalSection(ExtensibilityGlobals) = postSolution
		SolutionGuid = {EA26DCB3-0A41-4B2D-AE33-055C12C16DBC}
	EndGlobalSection
EndGlobal
