
Microsoft Visual Studio Solution File, Format Version 12.00
# Visual Studio Version 17
VisualStudioVersion = 17.1.32421.90
MinimumVisualStudioVersion = 10.0.40219.1
Project("{FAE04EC0-301F-11D3-BF4B-00C04F79EFBC}") = "Exercicio_7", "Exercicio_7.csproj", "{C252120E-B3C7-49AA-8ED9-3953189115F1}"
EndProject
Global
	GlobalSection(SolutionConfigurationPlatforms) = preSolution
		Debug|Any CPU = Debug|Any CPU
		Release|Any CPU = Release|Any CPU
	EndGlobalSection
	GlobalSection(ProjectConfigurationPlatforms) = postSolution
		{C252120E-B3C7-49AA-8ED9-3953189115F1}.Debug|Any CPU.ActiveCfg = Debug|Any CPU
		{C252120E-B3C7-49AA-8ED9-3953189115F1}.Debug|Any CPU.Build.0 = Debug|Any CPU
		{C252120E-B3C7-49AA-8ED9-3953189115F1}.Release|Any CPU.ActiveCfg = Release|Any CPU
		{C252120E-B3C7-49AA-8ED9-3953189115F1}.Release|Any CPU.Build.0 = Release|Any CPU
	EndGlobalSection
	GlobalSection(SolutionProperties) = preSolution
		HideSolutionNode = FALSE
	EndGlobalSection
	GlobalSection(ExtensibilityGlobals) = postSolution
		SolutionGuid = {5E932BE0-34A1-4E6D-9570-7AD9DCC2B032}
	EndGlobalSection
EndGlobal
