
Microsoft Visual Studio Solution File, Format Version 12.00
# Visual Studio Version 17
VisualStudioVersion = 17.1.32421.90
MinimumVisualStudioVersion = 10.0.40219.1
Project("{FAE04EC0-301F-11D3-BF4B-00C04F79EFBC}") = "Exercicio_14", "Exercicio_14.csproj", "{BCE737A1-ACC6-41A9-B60D-30EC344AB19F}"
EndProject
Global
	GlobalSection(SolutionConfigurationPlatforms) = preSolution
		Debug|Any CPU = Debug|Any CPU
		Release|Any CPU = Release|Any CPU
	EndGlobalSection
	GlobalSection(ProjectConfigurationPlatforms) = postSolution
		{BCE737A1-ACC6-41A9-B60D-30EC344AB19F}.Debug|Any CPU.ActiveCfg = Debug|Any CPU
		{BCE737A1-ACC6-41A9-B60D-30EC344AB19F}.Debug|Any CPU.Build.0 = Debug|Any CPU
		{BCE737A1-ACC6-41A9-B60D-30EC344AB19F}.Release|Any CPU.ActiveCfg = Release|Any CPU
		{BCE737A1-ACC6-41A9-B60D-30EC344AB19F}.Release|Any CPU.Build.0 = Release|Any CPU
	EndGlobalSection
	GlobalSection(SolutionProperties) = preSolution
		HideSolutionNode = FALSE
	EndGlobalSection
	GlobalSection(ExtensibilityGlobals) = postSolution
		SolutionGuid = {804E11FD-4504-409D-96F2-236CF1062E0F}
	EndGlobalSection
EndGlobal
