
Microsoft Visual Studio Solution File, Format Version 12.00
# Visual Studio Version 17
VisualStudioVersion = 17.1.32421.90
MinimumVisualStudioVersion = 10.0.40219.1
Project("{FAE04EC0-301F-11D3-BF4B-00C04F79EFBC}") = "Exercicio_16", "Exercicio_16.csproj", "{157529E2-DA26-462F-92F4-AD937E09D0BF}"
EndProject
Global
	GlobalSection(SolutionConfigurationPlatforms) = preSolution
		Debug|Any CPU = Debug|Any CPU
		Release|Any CPU = Release|Any CPU
	EndGlobalSection
	GlobalSection(ProjectConfigurationPlatforms) = postSolution
		{157529E2-DA26-462F-92F4-AD937E09D0BF}.Debug|Any CPU.ActiveCfg = Debug|Any CPU
		{157529E2-DA26-462F-92F4-AD937E09D0BF}.Debug|Any CPU.Build.0 = Debug|Any CPU
		{157529E2-DA26-462F-92F4-AD937E09D0BF}.Release|Any CPU.ActiveCfg = Release|Any CPU
		{157529E2-DA26-462F-92F4-AD937E09D0BF}.Release|Any CPU.Build.0 = Release|Any CPU
	EndGlobalSection
	GlobalSection(SolutionProperties) = preSolution
		HideSolutionNode = FALSE
	EndGlobalSection
	GlobalSection(ExtensibilityGlobals) = postSolution
		SolutionGuid = {B5736992-268D-4E0D-8B42-5DD159C87A9E}
	EndGlobalSection
EndGlobal
