
Microsoft Visual Studio Solution File, Format Version 12.00
# Visual Studio Version 17
VisualStudioVersion = 17.1.32421.90
MinimumVisualStudioVersion = 10.0.40219.1
Project("{FAE04EC0-301F-11D3-BF4B-00C04F79EFBC}") = "Exercicio_2_2", "Exercicio_2_2.csproj", "{06957177-9F1B-4E70-B2D9-C0206A83683F}"
EndProject
Global
	GlobalSection(SolutionConfigurationPlatforms) = preSolution
		Debug|Any CPU = Debug|Any CPU
		Release|Any CPU = Release|Any CPU
	EndGlobalSection
	GlobalSection(ProjectConfigurationPlatforms) = postSolution
		{06957177-9F1B-4E70-B2D9-C0206A83683F}.Debug|Any CPU.ActiveCfg = Debug|Any CPU
		{06957177-9F1B-4E70-B2D9-C0206A83683F}.Debug|Any CPU.Build.0 = Debug|Any CPU
		{06957177-9F1B-4E70-B2D9-C0206A83683F}.Release|Any CPU.ActiveCfg = Release|Any CPU
		{06957177-9F1B-4E70-B2D9-C0206A83683F}.Release|Any CPU.Build.0 = Release|Any CPU
	EndGlobalSection
	GlobalSection(SolutionProperties) = preSolution
		HideSolutionNode = FALSE
	EndGlobalSection
	GlobalSection(ExtensibilityGlobals) = postSolution
		SolutionGuid = {98F3FC30-7E60-46E1-8C84-1AF5ED772704}
	EndGlobalSection
EndGlobal
