
Microsoft Visual Studio Solution File, Format Version 12.00
# Visual Studio Version 17
VisualStudioVersion = 17.2.32516.85
MinimumVisualStudioVersion = 10.0.40219.1
Project("{FAE04EC0-301F-11D3-BF4B-00C04F79EFBC}") = "Drop5_Email", "Drop5_Email.csproj", "{B6716D2D-CAFD-4763-B61B-3DAE983EE003}"
EndProject
Global
	GlobalSection(SolutionConfigurationPlatforms) = preSolution
		Debug|Any CPU = Debug|Any CPU
		Release|Any CPU = Release|Any CPU
	EndGlobalSection
	GlobalSection(ProjectConfigurationPlatforms) = postSolution
		{B6716D2D-CAFD-4763-B61B-3DAE983EE003}.Debug|Any CPU.ActiveCfg = Debug|Any CPU
		{B6716D2D-CAFD-4763-B61B-3DAE983EE003}.Debug|Any CPU.Build.0 = Debug|Any CPU
		{B6716D2D-CAFD-4763-B61B-3DAE983EE003}.Release|Any CPU.ActiveCfg = Release|Any CPU
		{B6716D2D-CAFD-4763-B61B-3DAE983EE003}.Release|Any CPU.Build.0 = Release|Any CPU
	EndGlobalSection
	GlobalSection(SolutionProperties) = preSolution
		HideSolutionNode = FALSE
	EndGlobalSection
	GlobalSection(ExtensibilityGlobals) = postSolution
		SolutionGuid = {DA3FDA71-9027-42DC-9C1E-FBDC9E0171F9}
	EndGlobalSection
EndGlobal
