
Microsoft Visual Studio Solution File, Format Version 12.00
# Visual Studio Version 17
VisualStudioVersion = 17.2.32519.379
MinimumVisualStudioVersion = 10.0.40219.1
Project("{FAE04EC0-301F-11D3-BF4B-00C04F79EFBC}") = "Desafio01_Garagem", "Desafio01_Garagem.csproj", "{08A6D4E6-7415-4136-8DAD-63BE702A5C3E}"
EndProject
Global
	GlobalSection(SolutionConfigurationPlatforms) = preSolution
		Debug|Any CPU = Debug|Any CPU
		Release|Any CPU = Release|Any CPU
	EndGlobalSection
	GlobalSection(ProjectConfigurationPlatforms) = postSolution
		{08A6D4E6-7415-4136-8DAD-63BE702A5C3E}.Debug|Any CPU.ActiveCfg = Debug|Any CPU
		{08A6D4E6-7415-4136-8DAD-63BE702A5C3E}.Debug|Any CPU.Build.0 = Debug|Any CPU
		{08A6D4E6-7415-4136-8DAD-63BE702A5C3E}.Release|Any CPU.ActiveCfg = Release|Any CPU
		{08A6D4E6-7415-4136-8DAD-63BE702A5C3E}.Release|Any CPU.Build.0 = Release|Any CPU
	EndGlobalSection
	GlobalSection(SolutionProperties) = preSolution
		HideSolutionNode = FALSE
	EndGlobalSection
	GlobalSection(ExtensibilityGlobals) = postSolution
		SolutionGuid = {071D4DC2-EE6C-473C-BBD7-F4081C3725BB}
	EndGlobalSection
EndGlobal
