
Microsoft Visual Studio Solution File, Format Version 12.00
# Visual Studio Version 17
VisualStudioVersion = 17.2.32516.85
MinimumVisualStudioVersion = 10.0.40219.1
Project("{FAE04EC0-301F-11D3-BF4B-00C04F79EFBC}") = "OO_Exercicio1", "OO_Exercicio1.csproj", "{18C2E429-8E53-4970-B4D5-C58F29550F36}"
EndProject
Global
	GlobalSection(SolutionConfigurationPlatforms) = preSolution
		Debug|Any CPU = Debug|Any CPU
		Release|Any CPU = Release|Any CPU
	EndGlobalSection
	GlobalSection(ProjectConfigurationPlatforms) = postSolution
		{18C2E429-8E53-4970-B4D5-C58F29550F36}.Debug|Any CPU.ActiveCfg = Debug|Any CPU
		{18C2E429-8E53-4970-B4D5-C58F29550F36}.Debug|Any CPU.Build.0 = Debug|Any CPU
		{18C2E429-8E53-4970-B4D5-C58F29550F36}.Release|Any CPU.ActiveCfg = Release|Any CPU
		{18C2E429-8E53-4970-B4D5-C58F29550F36}.Release|Any CPU.Build.0 = Release|Any CPU
	EndGlobalSection
	GlobalSection(SolutionProperties) = preSolution
		HideSolutionNode = FALSE
	EndGlobalSection
	GlobalSection(ExtensibilityGlobals) = postSolution
		SolutionGuid = {04469AF9-DB6D-4042-BE88-D692D2999262}
	EndGlobalSection
EndGlobal
