
Microsoft Visual Studio Solution File, Format Version 12.00
# Visual Studio Version 17
VisualStudioVersion = 17.2.32519.379
MinimumVisualStudioVersion = 10.0.40219.1
Project("{FAE04EC0-301F-11D3-BF4B-00C04F79EFBC}") = "Listas", "Listas.csproj", "{ACA25740-7B2F-46E0-B31B-87CF2F5FAE0B}"
EndProject
Global
	GlobalSection(SolutionConfigurationPlatforms) = preSolution
		Debug|Any CPU = Debug|Any CPU
		Release|Any CPU = Release|Any CPU
	EndGlobalSection
	GlobalSection(ProjectConfigurationPlatforms) = postSolution
		{ACA25740-7B2F-46E0-B31B-87CF2F5FAE0B}.Debug|Any CPU.ActiveCfg = Debug|Any CPU
		{ACA25740-7B2F-46E0-B31B-87CF2F5FAE0B}.Debug|Any CPU.Build.0 = Debug|Any CPU
		{ACA25740-7B2F-46E0-B31B-87CF2F5FAE0B}.Release|Any CPU.ActiveCfg = Release|Any CPU
		{ACA25740-7B2F-46E0-B31B-87CF2F5FAE0B}.Release|Any CPU.Build.0 = Release|Any CPU
	EndGlobalSection
	GlobalSection(SolutionProperties) = preSolution
		HideSolutionNode = FALSE
	EndGlobalSection
	GlobalSection(ExtensibilityGlobals) = postSolution
		SolutionGuid = {C9762140-ECD3-4434-B8AE-A777DE7FB844}
	EndGlobalSection
EndGlobal
