
Microsoft Visual Studio Solution File, Format Version 12.00
# Visual Studio Version 17
VisualStudioVersion = 17.1.32421.90
MinimumVisualStudioVersion = 10.0.40219.1
Project("{FAE04EC0-301F-11D3-BF4B-00C04F79EFBC}") = "Exercicio_2_11", "Exercicio_2_11.csproj", "{B0635F2C-48CA-4929-A265-520088D7A37A}"
EndProject
Global
	GlobalSection(SolutionConfigurationPlatforms) = preSolution
		Debug|Any CPU = Debug|Any CPU
		Release|Any CPU = Release|Any CPU
	EndGlobalSection
	GlobalSection(ProjectConfigurationPlatforms) = postSolution
		{B0635F2C-48CA-4929-A265-520088D7A37A}.Debug|Any CPU.ActiveCfg = Debug|Any CPU
		{B0635F2C-48CA-4929-A265-520088D7A37A}.Debug|Any CPU.Build.0 = Debug|Any CPU
		{B0635F2C-48CA-4929-A265-520088D7A37A}.Release|Any CPU.ActiveCfg = Release|Any CPU
		{B0635F2C-48CA-4929-A265-520088D7A37A}.Release|Any CPU.Build.0 = Release|Any CPU
	EndGlobalSection
	GlobalSection(SolutionProperties) = preSolution
		HideSolutionNode = FALSE
	EndGlobalSection
	GlobalSection(ExtensibilityGlobals) = postSolution
		SolutionGuid = {1E154345-EA2E-4A28-B99E-829D670C1B4B}
	EndGlobalSection
EndGlobal
