
Microsoft Visual Studio Solution File, Format Version 12.00
# Visual Studio Version 17
VisualStudioVersion = 17.2.32519.379
MinimumVisualStudioVersion = 10.0.40219.1
Project("{FAE04EC0-301F-11D3-BF4B-00C04F79EFBC}") = "_19_ConsoleApp_Entity_Framework_CodeFirst", "_19_ConsoleApp_Entity_Framework_CodeFirst.csproj", "{F64573FA-835E-42A1-BD6D-5B4C3D34CA25}"
EndProject
Global
	GlobalSection(SolutionConfigurationPlatforms) = preSolution
		Debug|Any CPU = Debug|Any CPU
		Release|Any CPU = Release|Any CPU
	EndGlobalSection
	GlobalSection(ProjectConfigurationPlatforms) = postSolution
		{F64573FA-835E-42A1-BD6D-5B4C3D34CA25}.Debug|Any CPU.ActiveCfg = Debug|Any CPU
		{F64573FA-835E-42A1-BD6D-5B4C3D34CA25}.Debug|Any CPU.Build.0 = Debug|Any CPU
		{F64573FA-835E-42A1-BD6D-5B4C3D34CA25}.Release|Any CPU.ActiveCfg = Release|Any CPU
		{F64573FA-835E-42A1-BD6D-5B4C3D34CA25}.Release|Any CPU.Build.0 = Release|Any CPU
	EndGlobalSection
	GlobalSection(SolutionProperties) = preSolution
		HideSolutionNode = FALSE
	EndGlobalSection
	GlobalSection(ExtensibilityGlobals) = postSolution
		SolutionGuid = {6ED4F3B4-EEC7-4E45-85F1-92243A8FF0A2}
	EndGlobalSection
EndGlobal
