
Microsoft Visual Studio Solution File, Format Version 12.00
# Visual Studio Version 17
VisualStudioVersion = 17.1.32421.90
MinimumVisualStudioVersion = 10.0.40219.1
Project("{FAE04EC0-301F-11D3-BF4B-00C04F79EFBC}") = "Exercicio_8", "Exercicio_8.csproj", "{CD3C947D-0DE7-49FA-854B-99117831C3E2}"
EndProject
Global
	GlobalSection(SolutionConfigurationPlatforms) = preSolution
		Debug|Any CPU = Debug|Any CPU
		Release|Any CPU = Release|Any CPU
	EndGlobalSection
	GlobalSection(ProjectConfigurationPlatforms) = postSolution
		{CD3C947D-0DE7-49FA-854B-99117831C3E2}.Debug|Any CPU.ActiveCfg = Debug|Any CPU
		{CD3C947D-0DE7-49FA-854B-99117831C3E2}.Debug|Any CPU.Build.0 = Debug|Any CPU
		{CD3C947D-0DE7-49FA-854B-99117831C3E2}.Release|Any CPU.ActiveCfg = Release|Any CPU
		{CD3C947D-0DE7-49FA-854B-99117831C3E2}.Release|Any CPU.Build.0 = Release|Any CPU
	EndGlobalSection
	GlobalSection(SolutionProperties) = preSolution
		HideSolutionNode = FALSE
	EndGlobalSection
	GlobalSection(ExtensibilityGlobals) = postSolution
		SolutionGuid = {DA5D9CCF-552D-44F9-8681-7824D0526578}
	EndGlobalSection
EndGlobal
