
Microsoft Visual Studio Solution File, Format Version 12.00
# Visual Studio Version 17
VisualStudioVersion = 17.1.32421.90
MinimumVisualStudioVersion = 10.0.40219.1
Project("{FAE04EC0-301F-11D3-BF4B-00C04F79EFBC}") = "Exercicio_10", "Exercicio_10.csproj", "{09D12FE0-82C5-40C0-B312-EC2B61802C75}"
EndProject
Global
	GlobalSection(SolutionConfigurationPlatforms) = preSolution
		Debug|Any CPU = Debug|Any CPU
		Release|Any CPU = Release|Any CPU
	EndGlobalSection
	GlobalSection(ProjectConfigurationPlatforms) = postSolution
		{09D12FE0-82C5-40C0-B312-EC2B61802C75}.Debug|Any CPU.ActiveCfg = Debug|Any CPU
		{09D12FE0-82C5-40C0-B312-EC2B61802C75}.Debug|Any CPU.Build.0 = Debug|Any CPU
		{09D12FE0-82C5-40C0-B312-EC2B61802C75}.Release|Any CPU.ActiveCfg = Release|Any CPU
		{09D12FE0-82C5-40C0-B312-EC2B61802C75}.Release|Any CPU.Build.0 = Release|Any CPU
	EndGlobalSection
	GlobalSection(SolutionProperties) = preSolution
		HideSolutionNode = FALSE
	EndGlobalSection
	GlobalSection(ExtensibilityGlobals) = postSolution
		SolutionGuid = {79B52295-FC07-497C-8148-F30DA8FA8EC4}
	EndGlobalSection
EndGlobal
