
Microsoft Visual Studio Solution File, Format Version 12.00
# Visual Studio Version 17
VisualStudioVersion = 17.2.32519.379
MinimumVisualStudioVersion = 10.0.40219.1
Project("{FAE04EC0-301F-11D3-BF4B-00C04F79EFBC}") = "WindowsFormsDesafio_OO_Garagem", "WindowsFormsDesafio_OO_Garagem.csproj", "{D971B07D-32A1-41F3-A255-7D40D386451E}"
EndProject
Global
	GlobalSection(SolutionConfigurationPlatforms) = preSolution
		Debug|Any CPU = Debug|Any CPU
		Release|Any CPU = Release|Any CPU
	EndGlobalSection
	GlobalSection(ProjectConfigurationPlatforms) = postSolution
		{D971B07D-32A1-41F3-A255-7D40D386451E}.Debug|Any CPU.ActiveCfg = Debug|Any CPU
		{D971B07D-32A1-41F3-A255-7D40D386451E}.Debug|Any CPU.Build.0 = Debug|Any CPU
		{D971B07D-32A1-41F3-A255-7D40D386451E}.Release|Any CPU.ActiveCfg = Release|Any CPU
		{D971B07D-32A1-41F3-A255-7D40D386451E}.Release|Any CPU.Build.0 = Release|Any CPU
	EndGlobalSection
	GlobalSection(SolutionProperties) = preSolution
		HideSolutionNode = FALSE
	EndGlobalSection
	GlobalSection(ExtensibilityGlobals) = postSolution
		SolutionGuid = {86F44B6A-E2AA-457F-8CCD-11E1650B7EE4}
	EndGlobalSection
EndGlobal
