
Microsoft Visual Studio Solution File, Format Version 12.00
# Visual Studio Version 17
VisualStudioVersion = 17.1.32421.90
MinimumVisualStudioVersion = 10.0.40219.1
Project("{FAE04EC0-301F-11D3-BF4B-00C04F79EFBC}") = "Exercicio_2_17", "Exercicio_2_17.csproj", "{48F26B05-EBAF-4DA2-AF9C-0BCFA7FC0CAA}"
EndProject
Global
	GlobalSection(SolutionConfigurationPlatforms) = preSolution
		Debug|Any CPU = Debug|Any CPU
		Release|Any CPU = Release|Any CPU
	EndGlobalSection
	GlobalSection(ProjectConfigurationPlatforms) = postSolution
		{48F26B05-EBAF-4DA2-AF9C-0BCFA7FC0CAA}.Debug|Any CPU.ActiveCfg = Debug|Any CPU
		{48F26B05-EBAF-4DA2-AF9C-0BCFA7FC0CAA}.Debug|Any CPU.Build.0 = Debug|Any CPU
		{48F26B05-EBAF-4DA2-AF9C-0BCFA7FC0CAA}.Release|Any CPU.ActiveCfg = Release|Any CPU
		{48F26B05-EBAF-4DA2-AF9C-0BCFA7FC0CAA}.Release|Any CPU.Build.0 = Release|Any CPU
	EndGlobalSection
	GlobalSection(SolutionProperties) = preSolution
		HideSolutionNode = FALSE
	EndGlobalSection
	GlobalSection(ExtensibilityGlobals) = postSolution
		SolutionGuid = {64110AEF-E7D1-4A08-9667-E3EB8A409BE0}
	EndGlobalSection
EndGlobal
