
Microsoft Visual Studio Solution File, Format Version 12.00
# Visual Studio Version 17
VisualStudioVersion = 17.2.32519.379
MinimumVisualStudioVersion = 10.0.40219.1
Project("{FAE04EC0-301F-11D3-BF4B-00C04F79EFBC}") = "SimplesWindowsFormsBanco", "SimplesWindowsFormsBanco.csproj", "{AA51C459-8337-4F2F-83B6-FB18FA7A2905}"
EndProject
Global
	GlobalSection(SolutionConfigurationPlatforms) = preSolution
		Debug|Any CPU = Debug|Any CPU
		Release|Any CPU = Release|Any CPU
	EndGlobalSection
	GlobalSection(ProjectConfigurationPlatforms) = postSolution
		{AA51C459-8337-4F2F-83B6-FB18FA7A2905}.Debug|Any CPU.ActiveCfg = Debug|Any CPU
		{AA51C459-8337-4F2F-83B6-FB18FA7A2905}.Debug|Any CPU.Build.0 = Debug|Any CPU
		{AA51C459-8337-4F2F-83B6-FB18FA7A2905}.Release|Any CPU.ActiveCfg = Release|Any CPU
		{AA51C459-8337-4F2F-83B6-FB18FA7A2905}.Release|Any CPU.Build.0 = Release|Any CPU
	EndGlobalSection
	GlobalSection(SolutionProperties) = preSolution
		HideSolutionNode = FALSE
	EndGlobalSection
	GlobalSection(ExtensibilityGlobals) = postSolution
		SolutionGuid = {CE2C584D-5A04-44A5-B40B-DA095CEF5AAB}
	EndGlobalSection
EndGlobal
