
Microsoft Visual Studio Solution File, Format Version 12.00
# Visual Studio Version 17
VisualStudioVersion = 17.2.32519.379
MinimumVisualStudioVersion = 10.0.40219.1
Project("{FAE04EC0-301F-11D3-BF4B-00C04F79EFBC}") = "Desafio_Labs", "Desafio_Labs.csproj", "{3AD791CA-B8E2-4F3D-A507-44E6A87EC692}"
EndProject
Global
	GlobalSection(SolutionConfigurationPlatforms) = preSolution
		Debug|Any CPU = Debug|Any CPU
		Release|Any CPU = Release|Any CPU
	EndGlobalSection
	GlobalSection(ProjectConfigurationPlatforms) = postSolution
		{3AD791CA-B8E2-4F3D-A507-44E6A87EC692}.Debug|Any CPU.ActiveCfg = Debug|Any CPU
		{3AD791CA-B8E2-4F3D-A507-44E6A87EC692}.Debug|Any CPU.Build.0 = Debug|Any CPU
		{3AD791CA-B8E2-4F3D-A507-44E6A87EC692}.Release|Any CPU.ActiveCfg = Release|Any CPU
		{3AD791CA-B8E2-4F3D-A507-44E6A87EC692}.Release|Any CPU.Build.0 = Release|Any CPU
	EndGlobalSection
	GlobalSection(SolutionProperties) = preSolution
		HideSolutionNode = FALSE
	EndGlobalSection
	GlobalSection(ExtensibilityGlobals) = postSolution
		SolutionGuid = {7AA7D2B4-11FA-44EE-B1A5-5AC6370A5EEC}
	EndGlobalSection
EndGlobal
