
Microsoft Visual Studio Solution File, Format Version 12.00
# Visual Studio Version 17
VisualStudioVersion = 17.1.32421.90
MinimumVisualStudioVersion = 10.0.40219.1
Project("{FAE04EC0-301F-11D3-BF4B-00C04F79EFBC}") = "Exercicio_18A", "Exercicio_18A.csproj", "{5BDE1A0F-5DAC-43CC-87DA-D13526AF90EB}"
EndProject
Global
	GlobalSection(SolutionConfigurationPlatforms) = preSolution
		Debug|Any CPU = Debug|Any CPU
		Release|Any CPU = Release|Any CPU
	EndGlobalSection
	GlobalSection(ProjectConfigurationPlatforms) = postSolution
		{5BDE1A0F-5DAC-43CC-87DA-D13526AF90EB}.Debug|Any CPU.ActiveCfg = Debug|Any CPU
		{5BDE1A0F-5DAC-43CC-87DA-D13526AF90EB}.Debug|Any CPU.Build.0 = Debug|Any CPU
		{5BDE1A0F-5DAC-43CC-87DA-D13526AF90EB}.Release|Any CPU.ActiveCfg = Release|Any CPU
		{5BDE1A0F-5DAC-43CC-87DA-D13526AF90EB}.Release|Any CPU.Build.0 = Release|Any CPU
	EndGlobalSection
	GlobalSection(SolutionProperties) = preSolution
		HideSolutionNode = FALSE
	EndGlobalSection
	GlobalSection(ExtensibilityGlobals) = postSolution
		SolutionGuid = {BB1F7347-23DF-4851-AE17-E8B2A528F86A}
	EndGlobalSection
EndGlobal
